
Microsoft Visual Studio Solution File, Format Version 12.00
# Visual Studio Version 16
VisualStudioVersion = 16.0.30611.23
MinimumVisualStudioVersion = 10.0.40219.1
Project("{9A19103F-16F7-4668-BE54-9A1E7A4F7556}") = "TMDInvestment", "TMDInvestment\TMDInvestment.csproj", "{7D6D6978-9913-4429-B8A2-965904FC2DA2}"
EndProject
Project("{9A19103F-16F7-4668-BE54-9A1E7A4F7556}") = "TinyOAuth1", "..\TinyOAuth1-master\TinyOAuth1\TinyOAuth1.csproj", "{CEC8024E-E3C1-4C35-B233-8164FB661B0D}"
EndProject
Project("{9A19103F-16F7-4668-BE54-9A1E7A4F7556}") = "TMDInvestments.Models", "..\TMDInvestments.Models\TMDInvestments.Models\TMDInvestments.Models.csproj", "{62F86DB3-A44E-4336-857F-7DF5067BF992}"
EndProject
Global
	GlobalSection(SolutionConfigurationPlatforms) = preSolution
		Debug|Any CPU = Debug|Any CPU
		Release|Any CPU = Release|Any CPU
	EndGlobalSection
	GlobalSection(ProjectConfigurationPlatforms) = postSolution
		{7D6D6978-9913-4429-B8A2-965904FC2DA2}.Debug|Any CPU.ActiveCfg = Debug|Any CPU
		{7D6D6978-9913-4429-B8A2-965904FC2DA2}.Debug|Any CPU.Build.0 = Debug|Any CPU
		{7D6D6978-9913-4429-B8A2-965904FC2DA2}.Release|Any CPU.ActiveCfg = Release|Any CPU
		{7D6D6978-9913-4429-B8A2-965904FC2DA2}.Release|Any CPU.Build.0 = Release|Any CPU
		{CEC8024E-E3C1-4C35-B233-8164FB661B0D}.Debug|Any CPU.ActiveCfg = Debug|Any CPU
		{CEC8024E-E3C1-4C35-B233-8164FB661B0D}.Debug|Any CPU.Build.0 = Debug|Any CPU
		{CEC8024E-E3C1-4C35-B233-8164FB661B0D}.Release|Any CPU.ActiveCfg = Release|Any CPU
		{CEC8024E-E3C1-4C35-B233-8164FB661B0D}.Release|Any CPU.Build.0 = Release|Any CPU
		{62F86DB3-A44E-4336-857F-7DF5067BF992}.Debug|Any CPU.ActiveCfg = Debug|Any CPU
		{62F86DB3-A44E-4336-857F-7DF5067BF992}.Debug|Any CPU.Build.0 = Debug|Any CPU
		{62F86DB3-A44E-4336-857F-7DF5067BF992}.Release|Any CPU.ActiveCfg = Release|Any CPU
		{62F86DB3-A44E-4336-857F-7DF5067BF992}.Release|Any CPU.Build.0 = Release|Any CPU
	EndGlobalSection
	GlobalSection(SolutionProperties) = preSolution
		HideSolutionNode = FALSE
	EndGlobalSection
	GlobalSection(ExtensibilityGlobals) = postSolution
		SolutionGuid = {A7CF7967-F9AA-4114-A813-062FD614FA8E}
	EndGlobalSection
EndGlobal
